
Microsoft Visual Studio Solution File, Format Version 11.00
# Visual Studio 2010
Project("{FAE04EC0-301F-11D3-BF4B-00C04F79EFBC}") = "SkypeStatus", "SkypeStatus\SkypeStatus.csproj", "{D5F6651C-ED99-4829-AD43-FD1AC5CDABC0}"
EndProject
Project("{FAE04EC0-301F-11D3-BF4B-00C04F79EFBC}") = "Steam4NET2 (2010)", "..\..\Steam4NET2\Steam4NET2\Steam4NET2 (2010).csproj", "{1A204257-FE82-4BBE-9ED4-40694821C31F}"
EndProject
Global
	GlobalSection(SolutionConfigurationPlatforms) = preSolution
		Debug|Any CPU = Debug|Any CPU
		Debug|Mixed Platforms = Debug|Mixed Platforms
		Debug|x86 = Debug|x86
		Release|Any CPU = Release|Any CPU
		Release|Mixed Platforms = Release|Mixed Platforms
		Release|x86 = Release|x86
	EndGlobalSection
	GlobalSection(ProjectConfigurationPlatforms) = postSolution
		{D5F6651C-ED99-4829-AD43-FD1AC5CDABC0}.Debug|Any CPU.ActiveCfg = Debug|x86
		{D5F6651C-ED99-4829-AD43-FD1AC5CDABC0}.Debug|Mixed Platforms.ActiveCfg = Debug|x86
		{D5F6651C-ED99-4829-AD43-FD1AC5CDABC0}.Debug|Mixed Platforms.Build.0 = Debug|x86
		{D5F6651C-ED99-4829-AD43-FD1AC5CDABC0}.Debug|x86.ActiveCfg = Debug|x86
		{D5F6651C-ED99-4829-AD43-FD1AC5CDABC0}.Debug|x86.Build.0 = Debug|x86
		{D5F6651C-ED99-4829-AD43-FD1AC5CDABC0}.Release|Any CPU.ActiveCfg = Release|x86
		{D5F6651C-ED99-4829-AD43-FD1AC5CDABC0}.Release|Mixed Platforms.ActiveCfg = Release|x86
		{D5F6651C-ED99-4829-AD43-FD1AC5CDABC0}.Release|Mixed Platforms.Build.0 = Release|x86
		{D5F6651C-ED99-4829-AD43-FD1AC5CDABC0}.Release|x86.ActiveCfg = Release|x86
		{D5F6651C-ED99-4829-AD43-FD1AC5CDABC0}.Release|x86.Build.0 = Release|x86
		{1A204257-FE82-4BBE-9ED4-40694821C31F}.Debug|Any CPU.ActiveCfg = Debug|Any CPU
		{1A204257-FE82-4BBE-9ED4-40694821C31F}.Debug|Any CPU.Build.0 = Debug|Any CPU
		{1A204257-FE82-4BBE-9ED4-40694821C31F}.Debug|Mixed Platforms.ActiveCfg = Debug|Any CPU
		{1A204257-FE82-4BBE-9ED4-40694821C31F}.Debug|Mixed Platforms.Build.0 = Debug|Any CPU
		{1A204257-FE82-4BBE-9ED4-40694821C31F}.Debug|x86.ActiveCfg = Debug|Any CPU
		{1A204257-FE82-4BBE-9ED4-40694821C31F}.Release|Any CPU.ActiveCfg = Release|Any CPU
		{1A204257-FE82-4BBE-9ED4-40694821C31F}.Release|Any CPU.Build.0 = Release|Any CPU
		{1A204257-FE82-4BBE-9ED4-40694821C31F}.Release|Mixed Platforms.ActiveCfg = Release|Any CPU
		{1A204257-FE82-4BBE-9ED4-40694821C31F}.Release|Mixed Platforms.Build.0 = Release|Any CPU
		{1A204257-FE82-4BBE-9ED4-40694821C31F}.Release|x86.ActiveCfg = Release|Any CPU
	EndGlobalSection
	GlobalSection(SolutionProperties) = preSolution
		HideSolutionNode = FALSE
	EndGlobalSection
EndGlobal
