
Microsoft Visual Studio Solution File, Format Version 10.00
# Visual Studio 2008
Project("{8BC9CEB8-8B4A-11D0-8D11-00A0C91BC942}") = "Steam4COM", "Steam4COM\Steam4COM.vcproj", "{1A1A36DB-74E4-4D5E-9331-5DCDF3836A0B}"
EndProject
Project("{8BC9CEB8-8B4A-11D0-8D11-00A0C91BC942}") = "Steam4COMPS", "Steam4COM\Steam4COMPS.vcproj", "{158DCA21-0DE3-4618-88BF-B8647E0DCF6B}"
	ProjectSection(ProjectDependencies) = postProject
		{1A1A36DB-74E4-4D5E-9331-5DCDF3836A0B} = {1A1A36DB-74E4-4D5E-9331-5DCDF3836A0B}
	EndProjectSection
EndProject
Global
	GlobalSection(SolutionConfigurationPlatforms) = preSolution
		Debug|Win32 = Debug|Win32
		Release|Win32 = Release|Win32
	EndGlobalSection
	GlobalSection(ProjectConfigurationPlatforms) = postSolution
		{1A1A36DB-74E4-4D5E-9331-5DCDF3836A0B}.Debug|Win32.ActiveCfg = Debug|Win32
		{1A1A36DB-74E4-4D5E-9331-5DCDF3836A0B}.Debug|Win32.Build.0 = Debug|Win32
		{1A1A36DB-74E4-4D5E-9331-5DCDF3836A0B}.Release|Win32.ActiveCfg = Release|Win32
		{1A1A36DB-74E4-4D5E-9331-5DCDF3836A0B}.Release|Win32.Build.0 = Release|Win32
		{158DCA21-0DE3-4618-88BF-B8647E0DCF6B}.Debug|Win32.ActiveCfg = Debug|Win32
		{158DCA21-0DE3-4618-88BF-B8647E0DCF6B}.Release|Win32.ActiveCfg = Release|Win32
	EndGlobalSection
	GlobalSection(SolutionProperties) = preSolution
		HideSolutionNode = FALSE
	EndGlobalSection
EndGlobal
