// !$*UTF8*$!
{
	archiveVersion = 1;
	classes = {
	};
	objectVersion = 42;
	objects = {

/* Begin PBXBuildFile section */
		0247AB3911AEF3FF0092F798 /* steamclient.dylib in Frameworks */ = {isa = PBXBuildFile; fileRef = 0247AB2911AEF3FF0092F798 /* steamclient.dylib */; };
		D818A3FF1185055700A363B1 /* CoreFoundation.framework in Frameworks */ = {isa = PBXBuildFile; fileRef = D818A3FE1185055700A363B1 /* CoreFoundation.framework */; };
		D818A4011185055B00A363B1 /* CoreServices.framework in Frameworks */ = {isa = PBXBuildFile; fileRef = D818A4001185055B00A363B1 /* CoreServices.framework */; };
		D818A42B1185073100A363B1 /* main.cpp in Sources */ = {isa = PBXBuildFile; fileRef = D818A42A1185073100A363B1 /* main.cpp */; };
/* End PBXBuildFile section */

/* Begin PBXFileReference section */
		0247AB2911AEF3FF0092F798 /* steamclient.dylib */ = {isa = PBXFileReference; lastKnownFileType = "compiled.mach-o.dylib"; name = steamclient.dylib; path = "steam dylibs/steamclient.dylib"; sourceTree = "<group>"; };
		029733BE11B5C05A008D3B5B /* AppsCommon.h */ = {isa = PBXFileReference; fileEncoding = 4; lastKnownFileType = sourcecode.c.h; path = AppsCommon.h; sourceTree = "<group>"; };
		029733BF11B5C05A008D3B5B /* BillingCommon.h */ = {isa = PBXFileReference; fileEncoding = 4; lastKnownFileType = sourcecode.c.h; path = BillingCommon.h; sourceTree = "<group>"; };
		029733C011B5C05A008D3B5B /* BridgeCommon.h */ = {isa = PBXFileReference; fileEncoding = 4; lastKnownFileType = sourcecode.c.h; path = BridgeCommon.h; sourceTree = "<group>"; };
		029733C111B5C05A008D3B5B /* CCallback.h */ = {isa = PBXFileReference; fileEncoding = 4; lastKnownFileType = sourcecode.c.h; path = CCallback.h; sourceTree = "<group>"; };
		029733C211B5C05A008D3B5B /* CGameID.h */ = {isa = PBXFileReference; fileEncoding = 4; lastKnownFileType = sourcecode.c.h; path = CGameID.h; sourceTree = "<group>"; };
		029733C311B5C05A008D3B5B /* ClientCommon.h */ = {isa = PBXFileReference; fileEncoding = 4; lastKnownFileType = sourcecode.c.h; path = ClientCommon.h; sourceTree = "<group>"; };
		029733C411B5C05A008D3B5B /* ContentServerCommon.h */ = {isa = PBXFileReference; fileEncoding = 4; lastKnownFileType = sourcecode.c.h; path = ContentServerCommon.h; sourceTree = "<group>"; };
		029733C511B5C05A008D3B5B /* CSteamID.h */ = {isa = PBXFileReference; fileEncoding = 4; lastKnownFileType = sourcecode.c.h; path = CSteamID.h; sourceTree = "<group>"; };
		029733C611B5C05A008D3B5B /* EAccountType.h */ = {isa = PBXFileReference; fileEncoding = 4; lastKnownFileType = sourcecode.c.h; path = EAccountType.h; sourceTree = "<group>"; };
		029733C711B5C05A008D3B5B /* EChatMemberStateChange.h */ = {isa = PBXFileReference; fileEncoding = 4; lastKnownFileType = sourcecode.c.h; path = EChatMemberStateChange.h; sourceTree = "<group>"; };
		029733C811B5C05A008D3B5B /* ELobbyType.h */ = {isa = PBXFileReference; fileEncoding = 4; lastKnownFileType = sourcecode.c.h; path = ELobbyType.h; sourceTree = "<group>"; };
		029733C911B5C05A008D3B5B /* ENotificationPosition.h */ = {isa = PBXFileReference; fileEncoding = 4; lastKnownFileType = sourcecode.c.h; path = ENotificationPosition.h; sourceTree = "<group>"; };
		029733CA11B5C05A008D3B5B /* EPersonalQuestion.h */ = {isa = PBXFileReference; fileEncoding = 4; lastKnownFileType = sourcecode.c.h; path = EPersonalQuestion.h; sourceTree = "<group>"; };
		029733CB11B5C05A008D3B5B /* EResult.h */ = {isa = PBXFileReference; fileEncoding = 4; lastKnownFileType = sourcecode.c.h; path = EResult.h; sourceTree = "<group>"; };
		029733CC11B5C05A008D3B5B /* EServerMode.h */ = {isa = PBXFileReference; fileEncoding = 4; lastKnownFileType = sourcecode.c.h; path = EServerMode.h; sourceTree = "<group>"; };
		029733CD11B5C05A008D3B5B /* ESteamAppUpdateStatsQueryType.h */ = {isa = PBXFileReference; fileEncoding = 4; lastKnownFileType = sourcecode.c.h; path = ESteamAppUpdateStatsQueryType.h; sourceTree = "<group>"; };
		029733CE11B5C05A008D3B5B /* ESteamBufferMethod.h */ = {isa = PBXFileReference; fileEncoding = 4; lastKnownFileType = sourcecode.c.h; path = ESteamBufferMethod.h; sourceTree = "<group>"; };
		029733CF11B5C05A008D3B5B /* ESteamError.h */ = {isa = PBXFileReference; fileEncoding = 4; lastKnownFileType = sourcecode.c.h; path = ESteamError.h; sourceTree = "<group>"; };
		029733D011B5C05A008D3B5B /* ESteamFindFilter.h */ = {isa = PBXFileReference; fileEncoding = 4; lastKnownFileType = sourcecode.c.h; path = ESteamFindFilter.h; sourceTree = "<group>"; };
		029733D111B5C05A008D3B5B /* ESteamNotify.h */ = {isa = PBXFileReference; fileEncoding = 4; lastKnownFileType = sourcecode.c.h; path = ESteamNotify.h; sourceTree = "<group>"; };
		029733D211B5C05A008D3B5B /* ESteamPaymentCardType.h */ = {isa = PBXFileReference; fileEncoding = 4; lastKnownFileType = sourcecode.c.h; path = ESteamPaymentCardType.h; sourceTree = "<group>"; };
		029733D311B5C05A008D3B5B /* ESteamSeekMethod.h */ = {isa = PBXFileReference; fileEncoding = 4; lastKnownFileType = sourcecode.c.h; path = ESteamSeekMethod.h; sourceTree = "<group>"; };
		029733D411B5C05A008D3B5B /* ESteamServerType.h */ = {isa = PBXFileReference; fileEncoding = 4; lastKnownFileType = sourcecode.c.h; path = ESteamServerType.h; sourceTree = "<group>"; };
		029733D511B5C05A008D3B5B /* ESteamSubscriptionBillingInfoType.h */ = {isa = PBXFileReference; fileEncoding = 4; lastKnownFileType = sourcecode.c.h; path = ESteamSubscriptionBillingInfoType.h; sourceTree = "<group>"; };
		029733D611B5C05A008D3B5B /* ESteamSubscriptionStatus.h */ = {isa = PBXFileReference; fileEncoding = 4; lastKnownFileType = sourcecode.c.h; path = ESteamSubscriptionStatus.h; sourceTree = "<group>"; };
		029733D711B5C05A008D3B5B /* EUniverse.h */ = {isa = PBXFileReference; fileEncoding = 4; lastKnownFileType = sourcecode.c.h; path = EUniverse.h; sourceTree = "<group>"; };
		029733D811B5C05A008D3B5B /* FriendGameInfo.h */ = {isa = PBXFileReference; fileEncoding = 4; lastKnownFileType = sourcecode.c.h; path = FriendGameInfo.h; sourceTree = "<group>"; };
		029733D911B5C05A008D3B5B /* FriendsCommon.h */ = {isa = PBXFileReference; fileEncoding = 4; lastKnownFileType = sourcecode.c.h; path = FriendsCommon.h; sourceTree = "<group>"; };
		029733DA11B5C05A008D3B5B /* GameCoordinatorCommon.h */ = {isa = PBXFileReference; fileEncoding = 4; lastKnownFileType = sourcecode.c.h; path = GameCoordinatorCommon.h; sourceTree = "<group>"; };
		029733DB11B5C05A008D3B5B /* GameServerCommon.h */ = {isa = PBXFileReference; fileEncoding = 4; lastKnownFileType = sourcecode.c.h; path = GameServerCommon.h; sourceTree = "<group>"; };
		029733DC11B5C05A008D3B5B /* gameserveritem.h */ = {isa = PBXFileReference; fileEncoding = 4; lastKnownFileType = sourcecode.c.h; path = gameserveritem.h; sourceTree = "<group>"; };
		029733DD11B5C05A008D3B5B /* GameServerItemsCommon.h */ = {isa = PBXFileReference; fileEncoding = 4; lastKnownFileType = sourcecode.c.h; path = GameServerItemsCommon.h; sourceTree = "<group>"; };
		029733DE11B5C05A008D3B5B /* GameServerStatsCommon.h */ = {isa = PBXFileReference; fileEncoding = 4; lastKnownFileType = sourcecode.c.h; path = GameServerStatsCommon.h; sourceTree = "<group>"; };
		029733DF11B5C05A008D3B5B /* IClientAppManager.h */ = {isa = PBXFileReference; fileEncoding = 4; lastKnownFileType = sourcecode.c.h; path = IClientAppManager.h; sourceTree = "<group>"; };
		029733E011B5C05A008D3B5B /* IClientApps.h */ = {isa = PBXFileReference; fileEncoding = 4; lastKnownFileType = sourcecode.c.h; path = IClientApps.h; sourceTree = "<group>"; };
		029733E111B5C05A008D3B5B /* IClientBilling.h */ = {isa = PBXFileReference; fileEncoding = 4; lastKnownFileType = sourcecode.c.h; path = IClientBilling.h; sourceTree = "<group>"; };
		029733E211B5C05A008D3B5B /* IClientContentServer.h */ = {isa = PBXFileReference; fileEncoding = 4; lastKnownFileType = sourcecode.c.h; path = IClientContentServer.h; sourceTree = "<group>"; };
		029733E311B5C05A008D3B5B /* IClientDepotBuilder.h */ = {isa = PBXFileReference; fileEncoding = 4; lastKnownFileType = sourcecode.c.h; path = IClientDepotBuilder.h; sourceTree = "<group>"; };
		029733E411B5C05A008D3B5B /* IClientEngine.h */ = {isa = PBXFileReference; fileEncoding = 4; lastKnownFileType = sourcecode.c.h; path = IClientEngine.h; sourceTree = "<group>"; };
		029733E511B5C05A008D3B5B /* IClientFriends.h */ = {isa = PBXFileReference; fileEncoding = 4; lastKnownFileType = sourcecode.c.h; path = IClientFriends.h; sourceTree = "<group>"; };
		029733E611B5C05A008D3B5B /* IClientGameCoordinator.h */ = {isa = PBXFileReference; fileEncoding = 4; lastKnownFileType = sourcecode.c.h; path = IClientGameCoordinator.h; sourceTree = "<group>"; };
		029733E711B5C05A008D3B5B /* IClientGameServer.h */ = {isa = PBXFileReference; fileEncoding = 4; lastKnownFileType = sourcecode.c.h; path = IClientGameServer.h; sourceTree = "<group>"; };
		029733E811B5C05A008D3B5B /* IClientGameStats.h */ = {isa = PBXFileReference; fileEncoding = 4; lastKnownFileType = sourcecode.c.h; path = IClientGameStats.h; sourceTree = "<group>"; };
		029733E911B5C05A008D3B5B /* IClientHTTP.h */ = {isa = PBXFileReference; fileEncoding = 4; lastKnownFileType = sourcecode.c.h; path = IClientHTTP.h; sourceTree = "<group>"; };
		029733EA11B5C05A008D3B5B /* IClientMatchmaking.h */ = {isa = PBXFileReference; fileEncoding = 4; lastKnownFileType = sourcecode.c.h; path = IClientMatchmaking.h; sourceTree = "<group>"; };
		029733EB11B5C05A008D3B5B /* IClientUser.h */ = {isa = PBXFileReference; fileEncoding = 4; lastKnownFileType = sourcecode.c.h; path = IClientUser.h; sourceTree = "<group>"; };
		029733EC11B5C05A008D3B5B /* IClientUtils.h */ = {isa = PBXFileReference; fileEncoding = 4; lastKnownFileType = sourcecode.c.h; path = IClientUtils.h; sourceTree = "<group>"; };
		029733ED11B5C05A008D3B5B /* Interface_OSW.h */ = {isa = PBXFileReference; fileEncoding = 4; lastKnownFileType = sourcecode.c.h; path = Interface_OSW.h; sourceTree = "<group>"; };
		029733EE11B5C05A008D3B5B /* IP2PController.h */ = {isa = PBXFileReference; fileEncoding = 4; lastKnownFileType = sourcecode.c.h; path = IP2PController.h; sourceTree = "<group>"; };
		029733EF11B5C05A008D3B5B /* ISteam2Bridge001.h */ = {isa = PBXFileReference; fileEncoding = 4; lastKnownFileType = sourcecode.c.h; path = ISteam2Bridge001.h; sourceTree = "<group>"; };
		029733F011B5C05A008D3B5B /* ISteam2Bridge002.h */ = {isa = PBXFileReference; fileEncoding = 4; lastKnownFileType = sourcecode.c.h; path = ISteam2Bridge002.h; sourceTree = "<group>"; };
		029733F111B5C05A008D3B5B /* ISteam003.h */ = {isa = PBXFileReference; fileEncoding = 4; lastKnownFileType = sourcecode.c.h; path = ISteam003.h; sourceTree = "<group>"; };
		029733F211B5C05A008D3B5B /* ISteam004.h */ = {isa = PBXFileReference; fileEncoding = 4; lastKnownFileType = sourcecode.c.h; path = ISteam004.h; sourceTree = "<group>"; };
		029733F311B5C05A008D3B5B /* ISteam005.h */ = {isa = PBXFileReference; fileEncoding = 4; lastKnownFileType = sourcecode.c.h; path = ISteam005.h; sourceTree = "<group>"; };
		029733F411B5C05A008D3B5B /* ISteam006.h */ = {isa = PBXFileReference; fileEncoding = 4; lastKnownFileType = sourcecode.c.h; path = ISteam006.h; sourceTree = "<group>"; };
		029733F511B5C05A008D3B5B /* ISteamApps001.h */ = {isa = PBXFileReference; fileEncoding = 4; lastKnownFileType = sourcecode.c.h; path = ISteamApps001.h; sourceTree = "<group>"; };
		029733F611B5C05A008D3B5B /* ISteamApps002.h */ = {isa = PBXFileReference; fileEncoding = 4; lastKnownFileType = sourcecode.c.h; path = ISteamApps002.h; sourceTree = "<group>"; };
		029733F711B5C05A008D3B5B /* ISteamApps003.h */ = {isa = PBXFileReference; fileEncoding = 4; lastKnownFileType = sourcecode.c.h; path = ISteamApps003.h; sourceTree = "<group>"; };
		029733F811B5C05A008D3B5B /* ISteamBilling001.h */ = {isa = PBXFileReference; fileEncoding = 4; lastKnownFileType = sourcecode.c.h; path = ISteamBilling001.h; sourceTree = "<group>"; };
		029733F911B5C05A008D3B5B /* ISteamBilling002.h */ = {isa = PBXFileReference; fileEncoding = 4; lastKnownFileType = sourcecode.c.h; path = ISteamBilling002.h; sourceTree = "<group>"; };
		029733FA11B5C05A008D3B5B /* ISteamClient006.h */ = {isa = PBXFileReference; fileEncoding = 4; lastKnownFileType = sourcecode.c.h; path = ISteamClient006.h; sourceTree = "<group>"; };
		029733FB11B5C05A008D3B5B /* ISteamClient007.h */ = {isa = PBXFileReference; fileEncoding = 4; lastKnownFileType = sourcecode.c.h; path = ISteamClient007.h; sourceTree = "<group>"; };
		029733FC11B5C05A008D3B5B /* ISteamClient008.h */ = {isa = PBXFileReference; fileEncoding = 4; lastKnownFileType = sourcecode.c.h; path = ISteamClient008.h; sourceTree = "<group>"; };
		029733FD11B5C05A008D3B5B /* ISteamClient009.h */ = {isa = PBXFileReference; fileEncoding = 4; lastKnownFileType = sourcecode.c.h; path = ISteamClient009.h; sourceTree = "<group>"; };
		029733FE11B5C05A008D3B5B /* ISteamContentServer001.h */ = {isa = PBXFileReference; fileEncoding = 4; lastKnownFileType = sourcecode.c.h; path = ISteamContentServer001.h; sourceTree = "<group>"; };
		029733FF11B5C05A008D3B5B /* ISteamContentServer002.h */ = {isa = PBXFileReference; fileEncoding = 4; lastKnownFileType = sourcecode.c.h; path = ISteamContentServer002.h; sourceTree = "<group>"; };
		0297340011B5C05A008D3B5B /* ISteamFriends001.h */ = {isa = PBXFileReference; fileEncoding = 4; lastKnownFileType = sourcecode.c.h; path = ISteamFriends001.h; sourceTree = "<group>"; };
		0297340111B5C05A008D3B5B /* ISteamFriends002.h */ = {isa = PBXFileReference; fileEncoding = 4; lastKnownFileType = sourcecode.c.h; path = ISteamFriends002.h; sourceTree = "<group>"; };
		0297340211B5C05A008D3B5B /* ISteamFriends003.h */ = {isa = PBXFileReference; fileEncoding = 4; lastKnownFileType = sourcecode.c.h; path = ISteamFriends003.h; sourceTree = "<group>"; };
		0297340311B5C05A008D3B5B /* ISteamFriends004.h */ = {isa = PBXFileReference; fileEncoding = 4; lastKnownFileType = sourcecode.c.h; path = ISteamFriends004.h; sourceTree = "<group>"; };
		0297340411B5C05A008D3B5B /* ISteamFriends005.h */ = {isa = PBXFileReference; fileEncoding = 4; lastKnownFileType = sourcecode.c.h; path = ISteamFriends005.h; sourceTree = "<group>"; };
		0297340511B5C05A008D3B5B /* ISteamGameCoordinator001.h */ = {isa = PBXFileReference; fileEncoding = 4; lastKnownFileType = sourcecode.c.h; path = ISteamGameCoordinator001.h; sourceTree = "<group>"; };
		0297340611B5C05A008D3B5B /* ISteamGameServer002.h */ = {isa = PBXFileReference; fileEncoding = 4; lastKnownFileType = sourcecode.c.h; path = ISteamGameServer002.h; sourceTree = "<group>"; };
		0297340711B5C05A008D3B5B /* ISteamGameServer003.h */ = {isa = PBXFileReference; fileEncoding = 4; lastKnownFileType = sourcecode.c.h; path = ISteamGameServer003.h; sourceTree = "<group>"; };
		0297340811B5C05A008D3B5B /* ISteamGameServer004.h */ = {isa = PBXFileReference; fileEncoding = 4; lastKnownFileType = sourcecode.c.h; path = ISteamGameServer004.h; sourceTree = "<group>"; };
		0297340911B5C05A008D3B5B /* ISteamGameServer005.h */ = {isa = PBXFileReference; fileEncoding = 4; lastKnownFileType = sourcecode.c.h; path = ISteamGameServer005.h; sourceTree = "<group>"; };
		0297340A11B5C05A008D3B5B /* ISteamGameServer006.h */ = {isa = PBXFileReference; fileEncoding = 4; lastKnownFileType = sourcecode.c.h; path = ISteamGameServer006.h; sourceTree = "<group>"; };
		0297340B11B5C05A008D3B5B /* ISteamGameServer007.h */ = {isa = PBXFileReference; fileEncoding = 4; lastKnownFileType = sourcecode.c.h; path = ISteamGameServer007.h; sourceTree = "<group>"; };
		0297340C11B5C05A008D3B5B /* ISteamGameServer008.h */ = {isa = PBXFileReference; fileEncoding = 4; lastKnownFileType = sourcecode.c.h; path = ISteamGameServer008.h; sourceTree = "<group>"; };
		0297340D11B5C05A008D3B5B /* ISteamGameServer009.h */ = {isa = PBXFileReference; fileEncoding = 4; lastKnownFileType = sourcecode.c.h; path = ISteamGameServer009.h; sourceTree = "<group>"; };
		0297340E11B5C05A008D3B5B /* ISteamGameServer010.h */ = {isa = PBXFileReference; fileEncoding = 4; lastKnownFileType = sourcecode.c.h; path = ISteamGameServer010.h; sourceTree = "<group>"; };
		0297340F11B5C05A008D3B5B /* ISteamGameServerItems002.h */ = {isa = PBXFileReference; fileEncoding = 4; lastKnownFileType = sourcecode.c.h; path = ISteamGameServerItems002.h; sourceTree = "<group>"; };
		0297341011B5C05A008D3B5B /* ISteamGameServerItems003.h */ = {isa = PBXFileReference; fileEncoding = 4; lastKnownFileType = sourcecode.c.h; path = ISteamGameServerItems003.h; sourceTree = "<group>"; };
		0297341111B5C05A008D3B5B /* ISteamGameServerItems004.h */ = {isa = PBXFileReference; fileEncoding = 4; lastKnownFileType = sourcecode.c.h; path = ISteamGameServerItems004.h; sourceTree = "<group>"; };
		0297341211B5C05A008D3B5B /* ISteamGameServerStats001.h */ = {isa = PBXFileReference; fileEncoding = 4; lastKnownFileType = sourcecode.c.h; path = ISteamGameServerStats001.h; sourceTree = "<group>"; };
		0297341311B5C05A008D3B5B /* ISteamMasterServerUpdater001.h */ = {isa = PBXFileReference; fileEncoding = 4; lastKnownFileType = sourcecode.c.h; path = ISteamMasterServerUpdater001.h; sourceTree = "<group>"; };
		0297341411B5C05A008D3B5B /* ISteamMatchmaking001.h */ = {isa = PBXFileReference; fileEncoding = 4; lastKnownFileType = sourcecode.c.h; path = ISteamMatchmaking001.h; sourceTree = "<group>"; };
		0297341511B5C05A008D3B5B /* ISteamMatchmaking002.h */ = {isa = PBXFileReference; fileEncoding = 4; lastKnownFileType = sourcecode.c.h; path = ISteamMatchmaking002.h; sourceTree = "<group>"; };
		0297341611B5C05A008D3B5B /* ISteamMatchmaking003.h */ = {isa = PBXFileReference; fileEncoding = 4; lastKnownFileType = sourcecode.c.h; path = ISteamMatchmaking003.h; sourceTree = "<group>"; };
		0297341711B5C05A008D3B5B /* ISteamMatchmaking004.h */ = {isa = PBXFileReference; fileEncoding = 4; lastKnownFileType = sourcecode.c.h; path = ISteamMatchmaking004.h; sourceTree = "<group>"; };
		0297341811B5C05A008D3B5B /* ISteamMatchmaking005.h */ = {isa = PBXFileReference; fileEncoding = 4; lastKnownFileType = sourcecode.c.h; path = ISteamMatchmaking005.h; sourceTree = "<group>"; };
		0297341911B5C05A008D3B5B /* ISteamMatchmaking006.h */ = {isa = PBXFileReference; fileEncoding = 4; lastKnownFileType = sourcecode.c.h; path = ISteamMatchmaking006.h; sourceTree = "<group>"; };
		0297341A11B5C05A008D3B5B /* ISteamMatchmaking007.h */ = {isa = PBXFileReference; fileEncoding = 4; lastKnownFileType = sourcecode.c.h; path = ISteamMatchmaking007.h; sourceTree = "<group>"; };
		0297341B11B5C05A008D3B5B /* ISteamMatchmaking008.h */ = {isa = PBXFileReference; fileEncoding = 4; lastKnownFileType = sourcecode.c.h; path = ISteamMatchmaking008.h; sourceTree = "<group>"; };
		0297341C11B5C05A008D3B5B /* ISteamMatchmakingServers001.h */ = {isa = PBXFileReference; fileEncoding = 4; lastKnownFileType = sourcecode.c.h; path = ISteamMatchmakingServers001.h; sourceTree = "<group>"; };
		0297341D11B5C05A008D3B5B /* ISteamMatchmakingServers002.h */ = {isa = PBXFileReference; fileEncoding = 4; lastKnownFileType = sourcecode.c.h; path = ISteamMatchmakingServers002.h; sourceTree = "<group>"; };
		0297341E11B5C05A008D3B5B /* ISteamNetworking001.h */ = {isa = PBXFileReference; fileEncoding = 4; lastKnownFileType = sourcecode.c.h; path = ISteamNetworking001.h; sourceTree = "<group>"; };
		0297341F11B5C05A008D3B5B /* ISteamNetworking002.h */ = {isa = PBXFileReference; fileEncoding = 4; lastKnownFileType = sourcecode.c.h; path = ISteamNetworking002.h; sourceTree = "<group>"; };
		0297342011B5C05A008D3B5B /* ISteamNetworking003.h */ = {isa = PBXFileReference; fileEncoding = 4; lastKnownFileType = sourcecode.c.h; path = ISteamNetworking003.h; sourceTree = "<group>"; };
		0297342111B5C05A008D3B5B /* ISteamRemoteStorage001.h */ = {isa = PBXFileReference; fileEncoding = 4; lastKnownFileType = sourcecode.c.h; path = ISteamRemoteStorage001.h; sourceTree = "<group>"; };
		0297342211B5C05A008D3B5B /* ISteamRemoteStorage002.h */ = {isa = PBXFileReference; fileEncoding = 4; lastKnownFileType = sourcecode.c.h; path = ISteamRemoteStorage002.h; sourceTree = "<group>"; };
		0297342311B5C05A008D3B5B /* ISteamUser004.h */ = {isa = PBXFileReference; fileEncoding = 4; lastKnownFileType = sourcecode.c.h; path = ISteamUser004.h; sourceTree = "<group>"; };
		0297342411B5C05A008D3B5B /* ISteamUser005.h */ = {isa = PBXFileReference; fileEncoding = 4; lastKnownFileType = sourcecode.c.h; path = ISteamUser005.h; sourceTree = "<group>"; };
		0297342511B5C05A008D3B5B /* ISteamUser006.h */ = {isa = PBXFileReference; fileEncoding = 4; lastKnownFileType = sourcecode.c.h; path = ISteamUser006.h; sourceTree = "<group>"; };
		0297342611B5C05A008D3B5B /* ISteamUser007.h */ = {isa = PBXFileReference; fileEncoding = 4; lastKnownFileType = sourcecode.c.h; path = ISteamUser007.h; sourceTree = "<group>"; };
		0297342711B5C05A008D3B5B /* ISteamUser008.h */ = {isa = PBXFileReference; fileEncoding = 4; lastKnownFileType = sourcecode.c.h; path = ISteamUser008.h; sourceTree = "<group>"; };
		0297342811B5C05A008D3B5B /* ISteamUser009.h */ = {isa = PBXFileReference; fileEncoding = 4; lastKnownFileType = sourcecode.c.h; path = ISteamUser009.h; sourceTree = "<group>"; };
		0297342911B5C05A008D3B5B /* ISteamUser010.h */ = {isa = PBXFileReference; fileEncoding = 4; lastKnownFileType = sourcecode.c.h; path = ISteamUser010.h; sourceTree = "<group>"; };
		0297342A11B5C05A008D3B5B /* ISteamUser011.h */ = {isa = PBXFileReference; fileEncoding = 4; lastKnownFileType = sourcecode.c.h; path = ISteamUser011.h; sourceTree = "<group>"; };
		0297342B11B5C05A008D3B5B /* ISteamUser012.h */ = {isa = PBXFileReference; fileEncoding = 4; lastKnownFileType = sourcecode.c.h; path = ISteamUser012.h; sourceTree = "<group>"; };
		0297342C11B5C05A008D3B5B /* ISteamUser013.h */ = {isa = PBXFileReference; fileEncoding = 4; lastKnownFileType = sourcecode.c.h; path = ISteamUser013.h; sourceTree = "<group>"; };
		0297342D11B5C05A008D3B5B /* ISteamUserItems001.h */ = {isa = PBXFileReference; fileEncoding = 4; lastKnownFileType = sourcecode.c.h; path = ISteamUserItems001.h; sourceTree = "<group>"; };
		0297342E11B5C05A008D3B5B /* ISteamUserItems002.h */ = {isa = PBXFileReference; fileEncoding = 4; lastKnownFileType = sourcecode.c.h; path = ISteamUserItems002.h; sourceTree = "<group>"; };
		0297342F11B5C05A008D3B5B /* ISteamUserItems003.h */ = {isa = PBXFileReference; fileEncoding = 4; lastKnownFileType = sourcecode.c.h; path = ISteamUserItems003.h; sourceTree = "<group>"; };
		0297343011B5C05A008D3B5B /* ISteamUserItems004.h */ = {isa = PBXFileReference; fileEncoding = 4; lastKnownFileType = sourcecode.c.h; path = ISteamUserItems004.h; sourceTree = "<group>"; };
		0297343111B5C05A008D3B5B /* ISteamUserStats001.h */ = {isa = PBXFileReference; fileEncoding = 4; lastKnownFileType = sourcecode.c.h; path = ISteamUserStats001.h; sourceTree = "<group>"; };
		0297343211B5C05A008D3B5B /* ISteamUserStats002.h */ = {isa = PBXFileReference; fileEncoding = 4; lastKnownFileType = sourcecode.c.h; path = ISteamUserStats002.h; sourceTree = "<group>"; };
		0297343311B5C05A008D3B5B /* ISteamUserStats003.h */ = {isa = PBXFileReference; fileEncoding = 4; lastKnownFileType = sourcecode.c.h; path = ISteamUserStats003.h; sourceTree = "<group>"; };
		0297343411B5C05A008D3B5B /* ISteamUserStats004.h */ = {isa = PBXFileReference; fileEncoding = 4; lastKnownFileType = sourcecode.c.h; path = ISteamUserStats004.h; sourceTree = "<group>"; };
		0297343511B5C05A008D3B5B /* ISteamUserStats005.h */ = {isa = PBXFileReference; fileEncoding = 4; lastKnownFileType = sourcecode.c.h; path = ISteamUserStats005.h; sourceTree = "<group>"; };
		0297343611B5C05A008D3B5B /* ISteamUserStats006.h */ = {isa = PBXFileReference; fileEncoding = 4; lastKnownFileType = sourcecode.c.h; path = ISteamUserStats006.h; sourceTree = "<group>"; };
		0297343711B5C05A008D3B5B /* ISteamUserStats007.h */ = {isa = PBXFileReference; fileEncoding = 4; lastKnownFileType = sourcecode.c.h; path = ISteamUserStats007.h; sourceTree = "<group>"; };
		0297343811B5C05A008D3B5B /* ISteamUtils001.h */ = {isa = PBXFileReference; fileEncoding = 4; lastKnownFileType = sourcecode.c.h; path = ISteamUtils001.h; sourceTree = "<group>"; };
		0297343911B5C05A008D3B5B /* ISteamUtils002.h */ = {isa = PBXFileReference; fileEncoding = 4; lastKnownFileType = sourcecode.c.h; path = ISteamUtils002.h; sourceTree = "<group>"; };
		0297343A11B5C05A008D3B5B /* ISteamUtils003.h */ = {isa = PBXFileReference; fileEncoding = 4; lastKnownFileType = sourcecode.c.h; path = ISteamUtils003.h; sourceTree = "<group>"; };
		0297343B11B5C05A008D3B5B /* ISteamUtils004.h */ = {isa = PBXFileReference; fileEncoding = 4; lastKnownFileType = sourcecode.c.h; path = ISteamUtils004.h; sourceTree = "<group>"; };
		0297343C11B5C05A008D3B5B /* ISteamUtils005.h */ = {isa = PBXFileReference; fileEncoding = 4; lastKnownFileType = sourcecode.c.h; path = ISteamUtils005.h; sourceTree = "<group>"; };
		0297343D11B5C05A008D3B5B /* MasterServerUpdaterCommon.h */ = {isa = PBXFileReference; fileEncoding = 4; lastKnownFileType = sourcecode.c.h; path = MasterServerUpdaterCommon.h; sourceTree = "<group>"; };
		0297343E11B5C05A008D3B5B /* MatchmakingCommon.h */ = {isa = PBXFileReference; fileEncoding = 4; lastKnownFileType = sourcecode.c.h; path = MatchmakingCommon.h; sourceTree = "<group>"; };
		0297343F11B5C05A008D3B5B /* MatchMakingKeyValuePair.h */ = {isa = PBXFileReference; fileEncoding = 4; lastKnownFileType = sourcecode.c.h; path = MatchMakingKeyValuePair.h; sourceTree = "<group>"; };
		0297344011B5C05A008D3B5B /* MatchmakingServersCommon.h */ = {isa = PBXFileReference; fileEncoding = 4; lastKnownFileType = sourcecode.c.h; path = MatchmakingServersCommon.h; sourceTree = "<group>"; };
		0297344111B5C05A008D3B5B /* NetworkingCommon.h */ = {isa = PBXFileReference; fileEncoding = 4; lastKnownFileType = sourcecode.c.h; path = NetworkingCommon.h; sourceTree = "<group>"; };
		0297344211B5C05A008D3B5B /* Open Steamworks.vcproj */ = {isa = PBXFileReference; fileEncoding = 4; lastKnownFileType = text.xml; path = "Open Steamworks.vcproj"; sourceTree = "<group>"; };
		0297344311B5C05A008D3B5B /* POSIXLibrary.h */ = {isa = PBXFileReference; fileEncoding = 4; lastKnownFileType = sourcecode.c.h; path = POSIXLibrary.h; sourceTree = "<group>"; };
		0297344411B5C05A008D3B5B /* RemoteStorageCommon.h */ = {isa = PBXFileReference; fileEncoding = 4; lastKnownFileType = sourcecode.c.h; path = RemoteStorageCommon.h; sourceTree = "<group>"; };
		0297344511B5C05A008D3B5B /* servernetadr.h */ = {isa = PBXFileReference; fileEncoding = 4; lastKnownFileType = sourcecode.c.h; path = servernetadr.h; sourceTree = "<group>"; };
		0297344611B5C05A008D3B5B /* Steam.h */ = {isa = PBXFileReference; fileEncoding = 4; lastKnownFileType = sourcecode.c.h; path = Steam.h; sourceTree = "<group>"; };
		0297344711B5C05A008D3B5B /* SteamAPI.h */ = {isa = PBXFileReference; fileEncoding = 4; lastKnownFileType = sourcecode.c.h; path = SteamAPI.h; sourceTree = "<group>"; };
		0297344811B5C05A008D3B5B /* Steamclient.h */ = {isa = PBXFileReference; fileEncoding = 4; lastKnownFileType = sourcecode.c.h; path = Steamclient.h; sourceTree = "<group>"; };
		0297344911B5C05A008D3B5B /* SteamclientAPI.h */ = {isa = PBXFileReference; fileEncoding = 4; lastKnownFileType = sourcecode.c.h; path = SteamclientAPI.h; sourceTree = "<group>"; };
		0297344A11B5C05A008D3B5B /* SteamSalt.h */ = {isa = PBXFileReference; fileEncoding = 4; lastKnownFileType = sourcecode.c.h; path = SteamSalt.h; sourceTree = "<group>"; };
		0297344B11B5C05A008D3B5B /* SteamTypes.h */ = {isa = PBXFileReference; fileEncoding = 4; lastKnownFileType = sourcecode.c.h; path = SteamTypes.h; sourceTree = "<group>"; };
		0297344C11B5C05A008D3B5B /* Steamworks.h */ = {isa = PBXFileReference; fileEncoding = 4; lastKnownFileType = sourcecode.c.h; path = Steamworks.h; sourceTree = "<group>"; };
		0297344D11B5C05A008D3B5B /* string_t.h */ = {isa = PBXFileReference; fileEncoding = 4; lastKnownFileType = sourcecode.c.h; path = string_t.h; sourceTree = "<group>"; };
		0297344E11B5C05A008D3B5B /* TSteamApp.h */ = {isa = PBXFileReference; fileEncoding = 4; lastKnownFileType = sourcecode.c.h; path = TSteamApp.h; sourceTree = "<group>"; };
		0297344F11B5C05A008D3B5B /* TSteamAppDependencyInfo.h */ = {isa = PBXFileReference; fileEncoding = 4; lastKnownFileType = sourcecode.c.h; path = TSteamAppDependencyInfo.h; sourceTree = "<group>"; };
		0297345011B5C05A008D3B5B /* TSteamAppLaunchOption.h */ = {isa = PBXFileReference; fileEncoding = 4; lastKnownFileType = sourcecode.c.h; path = TSteamAppLaunchOption.h; sourceTree = "<group>"; };
		0297345111B5C05A008D3B5B /* TSteamAppStats.h */ = {isa = PBXFileReference; fileEncoding = 4; lastKnownFileType = sourcecode.c.h; path = TSteamAppStats.h; sourceTree = "<group>"; };
		0297345211B5C05A008D3B5B /* TSteamAppVersion.h */ = {isa = PBXFileReference; fileEncoding = 4; lastKnownFileType = sourcecode.c.h; path = TSteamAppVersion.h; sourceTree = "<group>"; };
		0297345311B5C05A008D3B5B /* TSteamDiscountQualifier.h */ = {isa = PBXFileReference; fileEncoding = 4; lastKnownFileType = sourcecode.c.h; path = TSteamDiscountQualifier.h; sourceTree = "<group>"; };
		0297345411B5C05A008D3B5B /* TSteamElemInfo.h */ = {isa = PBXFileReference; fileEncoding = 4; lastKnownFileType = sourcecode.c.h; path = TSteamElemInfo.h; sourceTree = "<group>"; };
		0297345511B5C05A008D3B5B /* TSteamError.h */ = {isa = PBXFileReference; fileEncoding = 4; lastKnownFileType = sourcecode.c.h; path = TSteamError.h; sourceTree = "<group>"; };
		0297345611B5C05A008D3B5B /* TSteamExternalBillingInfo.h */ = {isa = PBXFileReference; fileEncoding = 4; lastKnownFileType = sourcecode.c.h; path = TSteamExternalBillingInfo.h; sourceTree = "<group>"; };
		0297345711B5C05A008D3B5B /* TSteamGlobalUserID.h */ = {isa = PBXFileReference; fileEncoding = 4; lastKnownFileType = sourcecode.c.h; path = TSteamGlobalUserID.h; sourceTree = "<group>"; };
		0297345811B5C05A008D3B5B /* TSteamOfflineStatus.h */ = {isa = PBXFileReference; fileEncoding = 4; lastKnownFileType = sourcecode.c.h; path = TSteamOfflineStatus.h; sourceTree = "<group>"; };
		0297345911B5C05A008D3B5B /* TSteamPaymentCardInfo.h */ = {isa = PBXFileReference; fileEncoding = 4; lastKnownFileType = sourcecode.c.h; path = TSteamPaymentCardInfo.h; sourceTree = "<group>"; };
		0297345A11B5C05A008D3B5B /* TSteamPaymentCardReceiptInfo.h */ = {isa = PBXFileReference; fileEncoding = 4; lastKnownFileType = sourcecode.c.h; path = TSteamPaymentCardReceiptInfo.h; sourceTree = "<group>"; };
		0297345B11B5C05A008D3B5B /* TSteamPrepurchaseInfo.h */ = {isa = PBXFileReference; fileEncoding = 4; lastKnownFileType = sourcecode.c.h; path = TSteamPrepurchaseInfo.h; sourceTree = "<group>"; };
		0297345C11B5C05A008D3B5B /* TSteamPrepurchaseReceiptInfo.h */ = {isa = PBXFileReference; fileEncoding = 4; lastKnownFileType = sourcecode.c.h; path = TSteamPrepurchaseReceiptInfo.h; sourceTree = "<group>"; };
		0297345D11B5C05A008D3B5B /* TSteamProgress.h */ = {isa = PBXFileReference; fileEncoding = 4; lastKnownFileType = sourcecode.c.h; path = TSteamProgress.h; sourceTree = "<group>"; };
		0297345E11B5C05A008D3B5B /* TSteamSplitLocalUserID.h */ = {isa = PBXFileReference; fileEncoding = 4; lastKnownFileType = sourcecode.c.h; path = TSteamSplitLocalUserID.h; sourceTree = "<group>"; };
		0297345F11B5C05A008D3B5B /* TSteamSubscription.h */ = {isa = PBXFileReference; fileEncoding = 4; lastKnownFileType = sourcecode.c.h; path = TSteamSubscription.h; sourceTree = "<group>"; };
		0297346011B5C05A008D3B5B /* TSteamSubscriptionBillingInfo.h */ = {isa = PBXFileReference; fileEncoding = 4; lastKnownFileType = sourcecode.c.h; path = TSteamSubscriptionBillingInfo.h; sourceTree = "<group>"; };
		0297346111B5C05A008D3B5B /* TSteamSubscriptionDiscount.h */ = {isa = PBXFileReference; fileEncoding = 4; lastKnownFileType = sourcecode.c.h; path = TSteamSubscriptionDiscount.h; sourceTree = "<group>"; };
		0297346211B5C05A008D3B5B /* TSteamSubscriptionReceipt.h */ = {isa = PBXFileReference; fileEncoding = 4; lastKnownFileType = sourcecode.c.h; path = TSteamSubscriptionReceipt.h; sourceTree = "<group>"; };
		0297346311B5C05A008D3B5B /* TSteamSubscriptionStats.h */ = {isa = PBXFileReference; fileEncoding = 4; lastKnownFileType = sourcecode.c.h; path = TSteamSubscriptionStats.h; sourceTree = "<group>"; };
		0297346411B5C05A008D3B5B /* TSteamUpdateStats.h */ = {isa = PBXFileReference; fileEncoding = 4; lastKnownFileType = sourcecode.c.h; path = TSteamUpdateStats.h; sourceTree = "<group>"; };
		0297346511B5C05A008D3B5B /* UserCommon.h */ = {isa = PBXFileReference; fileEncoding = 4; lastKnownFileType = sourcecode.c.h; path = UserCommon.h; sourceTree = "<group>"; };
		0297346611B5C05A008D3B5B /* UserItemsCommon.h */ = {isa = PBXFileReference; fileEncoding = 4; lastKnownFileType = sourcecode.c.h; path = UserItemsCommon.h; sourceTree = "<group>"; };
		0297346711B5C05A008D3B5B /* UserStatsCommon.h */ = {isa = PBXFileReference; fileEncoding = 4; lastKnownFileType = sourcecode.c.h; path = UserStatsCommon.h; sourceTree = "<group>"; };
		0297346811B5C05A008D3B5B /* UtilsCommon.h */ = {isa = PBXFileReference; fileEncoding = 4; lastKnownFileType = sourcecode.c.h; path = UtilsCommon.h; sourceTree = "<group>"; };
		0297346911B5C05A008D3B5B /* Win32Library.h */ = {isa = PBXFileReference; fileEncoding = 4; lastKnownFileType = sourcecode.c.h; path = Win32Library.h; sourceTree = "<group>"; };
		D818A3F81185053000A363B1 /* Callback Logger */ = {isa = PBXFileReference; explicitFileType = "compiled.mach-o.executable"; includeInIndex = 0; path = "Callback Logger"; sourceTree = BUILT_PRODUCTS_DIR; };
		D818A3FE1185055700A363B1 /* CoreFoundation.framework */ = {isa = PBXFileReference; lastKnownFileType = wrapper.framework; name = CoreFoundation.framework; path = /System/Library/Frameworks/CoreFoundation.framework; sourceTree = "<absolute>"; };
		D818A4001185055B00A363B1 /* CoreServices.framework */ = {isa = PBXFileReference; lastKnownFileType = wrapper.framework; name = CoreServices.framework; path = /System/Library/Frameworks/CoreServices.framework; sourceTree = "<absolute>"; };
		D818A42A1185073100A363B1 /* main.cpp */ = {isa = PBXFileReference; fileEncoding = 4; lastKnownFileType = sourcecode.cpp.cpp; path = main.cpp; sourceTree = "<group>"; };
/* End PBXFileReference section */

/* Begin PBXFrameworksBuildPhase section */
		D818A3F61185053000A363B1 /* Frameworks */ = {
			isa = PBXFrameworksBuildPhase;
			buildActionMask = 2147483647;
			files = (
				D818A3FF1185055700A363B1 /* CoreFoundation.framework in Frameworks */,
				D818A4011185055B00A363B1 /* CoreServices.framework in Frameworks */,
				0247AB3911AEF3FF0092F798 /* steamclient.dylib in Frameworks */,
			);
			runOnlyForDeploymentPostprocessing = 0;
		};
/* End PBXFrameworksBuildPhase section */

/* Begin PBXGroup section */
		0247AB1C11AEF3FF0092F798 /* Steam dylibs */ = {
			isa = PBXGroup;
			children = (
			);
			name = "Steam dylibs";
			path = "steam dylibs";
			sourceTree = "<group>";
		};
		0264C2CB11B4B9B400877523 /* Open Steamworks */ = {
			isa = PBXGroup;
			children = (
				029733BE11B5C05A008D3B5B /* AppsCommon.h */,
				029733BF11B5C05A008D3B5B /* BillingCommon.h */,
				029733C011B5C05A008D3B5B /* BridgeCommon.h */,
				029733C111B5C05A008D3B5B /* CCallback.h */,
				029733C211B5C05A008D3B5B /* CGameID.h */,
				029733C311B5C05A008D3B5B /* ClientCommon.h */,
				029733C411B5C05A008D3B5B /* ContentServerCommon.h */,
				029733C511B5C05A008D3B5B /* CSteamID.h */,
				029733C611B5C05A008D3B5B /* EAccountType.h */,
				029733C711B5C05A008D3B5B /* EChatMemberStateChange.h */,
				029733C811B5C05A008D3B5B /* ELobbyType.h */,
				029733C911B5C05A008D3B5B /* ENotificationPosition.h */,
				029733CA11B5C05A008D3B5B /* EPersonalQuestion.h */,
				029733CB11B5C05A008D3B5B /* EResult.h */,
				029733CC11B5C05A008D3B5B /* EServerMode.h */,
				029733CD11B5C05A008D3B5B /* ESteamAppUpdateStatsQueryType.h */,
				029733CE11B5C05A008D3B5B /* ESteamBufferMethod.h */,
				029733CF11B5C05A008D3B5B /* ESteamError.h */,
				029733D011B5C05A008D3B5B /* ESteamFindFilter.h */,
				029733D111B5C05A008D3B5B /* ESteamNotify.h */,
				029733D211B5C05A008D3B5B /* ESteamPaymentCardType.h */,
				029733D311B5C05A008D3B5B /* ESteamSeekMethod.h */,
				029733D411B5C05A008D3B5B /* ESteamServerType.h */,
				029733D511B5C05A008D3B5B /* ESteamSubscriptionBillingInfoType.h */,
				029733D611B5C05A008D3B5B /* ESteamSubscriptionStatus.h */,
				029733D711B5C05A008D3B5B /* EUniverse.h */,
				029733D811B5C05A008D3B5B /* FriendGameInfo.h */,
				029733D911B5C05A008D3B5B /* FriendsCommon.h */,
				029733DA11B5C05A008D3B5B /* GameCoordinatorCommon.h */,
				029733DB11B5C05A008D3B5B /* GameServerCommon.h */,
				029733DC11B5C05A008D3B5B /* gameserveritem.h */,
				029733DD11B5C05A008D3B5B /* GameServerItemsCommon.h */,
				029733DE11B5C05A008D3B5B /* GameServerStatsCommon.h */,
				029733DF11B5C05A008D3B5B /* IClientAppManager.h */,
				029733E011B5C05A008D3B5B /* IClientApps.h */,
				029733E111B5C05A008D3B5B /* IClientBilling.h */,
				029733E211B5C05A008D3B5B /* IClientContentServer.h */,
				029733E311B5C05A008D3B5B /* IClientDepotBuilder.h */,
				029733E411B5C05A008D3B5B /* IClientEngine.h */,
				029733E511B5C05A008D3B5B /* IClientFriends.h */,
				029733E611B5C05A008D3B5B /* IClientGameCoordinator.h */,
				029733E711B5C05A008D3B5B /* IClientGameServer.h */,
				029733E811B5C05A008D3B5B /* IClientGameStats.h */,
				029733E911B5C05A008D3B5B /* IClientHTTP.h */,
				029733EA11B5C05A008D3B5B /* IClientMatchmaking.h */,
				029733EB11B5C05A008D3B5B /* IClientUser.h */,
				029733EC11B5C05A008D3B5B /* IClientUtils.h */,
				029733ED11B5C05A008D3B5B /* Interface_OSW.h */,
				029733EE11B5C05A008D3B5B /* IP2PController.h */,
				029733EF11B5C05A008D3B5B /* ISteam2Bridge001.h */,
				029733F011B5C05A008D3B5B /* ISteam2Bridge002.h */,
				029733F111B5C05A008D3B5B /* ISteam003.h */,
				029733F211B5C05A008D3B5B /* ISteam004.h */,
				029733F311B5C05A008D3B5B /* ISteam005.h */,
				029733F411B5C05A008D3B5B /* ISteam006.h */,
				029733F511B5C05A008D3B5B /* ISteamApps001.h */,
				029733F611B5C05A008D3B5B /* ISteamApps002.h */,
				029733F711B5C05A008D3B5B /* ISteamApps003.h */,
				029733F811B5C05A008D3B5B /* ISteamBilling001.h */,
				029733F911B5C05A008D3B5B /* ISteamBilling002.h */,
				029733FA11B5C05A008D3B5B /* ISteamClient006.h */,
				029733FB11B5C05A008D3B5B /* ISteamClient007.h */,
				029733FC11B5C05A008D3B5B /* ISteamClient008.h */,
				029733FD11B5C05A008D3B5B /* ISteamClient009.h */,
				029733FE11B5C05A008D3B5B /* ISteamContentServer001.h */,
				029733FF11B5C05A008D3B5B /* ISteamContentServer002.h */,
				0297340011B5C05A008D3B5B /* ISteamFriends001.h */,
				0297340111B5C05A008D3B5B /* ISteamFriends002.h */,
				0297340211B5C05A008D3B5B /* ISteamFriends003.h */,
				0297340311B5C05A008D3B5B /* ISteamFriends004.h */,
				0297340411B5C05A008D3B5B /* ISteamFriends005.h */,
				0297340511B5C05A008D3B5B /* ISteamGameCoordinator001.h */,
				0297340611B5C05A008D3B5B /* ISteamGameServer002.h */,
				0297340711B5C05A008D3B5B /* ISteamGameServer003.h */,
				0297340811B5C05A008D3B5B /* ISteamGameServer004.h */,
				0297340911B5C05A008D3B5B /* ISteamGameServer005.h */,
				0297340A11B5C05A008D3B5B /* ISteamGameServer006.h */,
				0297340B11B5C05A008D3B5B /* ISteamGameServer007.h */,
				0297340C11B5C05A008D3B5B /* ISteamGameServer008.h */,
				0297340D11B5C05A008D3B5B /* ISteamGameServer009.h */,
				0297340E11B5C05A008D3B5B /* ISteamGameServer010.h */,
				0297340F11B5C05A008D3B5B /* ISteamGameServerItems002.h */,
				0297341011B5C05A008D3B5B /* ISteamGameServerItems003.h */,
				0297341111B5C05A008D3B5B /* ISteamGameServerItems004.h */,
				0297341211B5C05A008D3B5B /* ISteamGameServerStats001.h */,
				0297341311B5C05A008D3B5B /* ISteamMasterServerUpdater001.h */,
				0297341411B5C05A008D3B5B /* ISteamMatchmaking001.h */,
				0297341511B5C05A008D3B5B /* ISteamMatchmaking002.h */,
				0297341611B5C05A008D3B5B /* ISteamMatchmaking003.h */,
				0297341711B5C05A008D3B5B /* ISteamMatchmaking004.h */,
				0297341811B5C05A008D3B5B /* ISteamMatchmaking005.h */,
				0297341911B5C05A008D3B5B /* ISteamMatchmaking006.h */,
				0297341A11B5C05A008D3B5B /* ISteamMatchmaking007.h */,
				0297341B11B5C05A008D3B5B /* ISteamMatchmaking008.h */,
				0297341C11B5C05A008D3B5B /* ISteamMatchmakingServers001.h */,
				0297341D11B5C05A008D3B5B /* ISteamMatchmakingServers002.h */,
				0297341E11B5C05A008D3B5B /* ISteamNetworking001.h */,
				0297341F11B5C05A008D3B5B /* ISteamNetworking002.h */,
				0297342011B5C05A008D3B5B /* ISteamNetworking003.h */,
				0297342111B5C05A008D3B5B /* ISteamRemoteStorage001.h */,
				0297342211B5C05A008D3B5B /* ISteamRemoteStorage002.h */,
				0297342311B5C05A008D3B5B /* ISteamUser004.h */,
				0297342411B5C05A008D3B5B /* ISteamUser005.h */,
				0297342511B5C05A008D3B5B /* ISteamUser006.h */,
				0297342611B5C05A008D3B5B /* ISteamUser007.h */,
				0297342711B5C05A008D3B5B /* ISteamUser008.h */,
				0297342811B5C05A008D3B5B /* ISteamUser009.h */,
				0297342911B5C05A008D3B5B /* ISteamUser010.h */,
				0297342A11B5C05A008D3B5B /* ISteamUser011.h */,
				0297342B11B5C05A008D3B5B /* ISteamUser012.h */,
				0297342C11B5C05A008D3B5B /* ISteamUser013.h */,
				0297342D11B5C05A008D3B5B /* ISteamUserItems001.h */,
				0297342E11B5C05A008D3B5B /* ISteamUserItems002.h */,
				0297342F11B5C05A008D3B5B /* ISteamUserItems003.h */,
				0297343011B5C05A008D3B5B /* ISteamUserItems004.h */,
				0297343111B5C05A008D3B5B /* ISteamUserStats001.h */,
				0297343211B5C05A008D3B5B /* ISteamUserStats002.h */,
				0297343311B5C05A008D3B5B /* ISteamUserStats003.h */,
				0297343411B5C05A008D3B5B /* ISteamUserStats004.h */,
				0297343511B5C05A008D3B5B /* ISteamUserStats005.h */,
				0297343611B5C05A008D3B5B /* ISteamUserStats006.h */,
				0297343711B5C05A008D3B5B /* ISteamUserStats007.h */,
				0297343811B5C05A008D3B5B /* ISteamUtils001.h */,
				0297343911B5C05A008D3B5B /* ISteamUtils002.h */,
				0297343A11B5C05A008D3B5B /* ISteamUtils003.h */,
				0297343B11B5C05A008D3B5B /* ISteamUtils004.h */,
				0297343C11B5C05A008D3B5B /* ISteamUtils005.h */,
				0297343D11B5C05A008D3B5B /* MasterServerUpdaterCommon.h */,
				0297343E11B5C05A008D3B5B /* MatchmakingCommon.h */,
				0297343F11B5C05A008D3B5B /* MatchMakingKeyValuePair.h */,
				0297344011B5C05A008D3B5B /* MatchmakingServersCommon.h */,
				0297344111B5C05A008D3B5B /* NetworkingCommon.h */,
				0297344211B5C05A008D3B5B /* Open Steamworks.vcproj */,
				0297344311B5C05A008D3B5B /* POSIXLibrary.h */,
				0297344411B5C05A008D3B5B /* RemoteStorageCommon.h */,
				0297344511B5C05A008D3B5B /* servernetadr.h */,
				0297344611B5C05A008D3B5B /* Steam.h */,
				0297344711B5C05A008D3B5B /* SteamAPI.h */,
				0297344811B5C05A008D3B5B /* Steamclient.h */,
				0297344911B5C05A008D3B5B /* SteamclientAPI.h */,
				0297344A11B5C05A008D3B5B /* SteamSalt.h */,
				0297344B11B5C05A008D3B5B /* SteamTypes.h */,
				0297344C11B5C05A008D3B5B /* Steamworks.h */,
				0297344D11B5C05A008D3B5B /* string_t.h */,
				0297344E11B5C05A008D3B5B /* TSteamApp.h */,
				0297344F11B5C05A008D3B5B /* TSteamAppDependencyInfo.h */,
				0297345011B5C05A008D3B5B /* TSteamAppLaunchOption.h */,
				0297345111B5C05A008D3B5B /* TSteamAppStats.h */,
				0297345211B5C05A008D3B5B /* TSteamAppVersion.h */,
				0297345311B5C05A008D3B5B /* TSteamDiscountQualifier.h */,
				0297345411B5C05A008D3B5B /* TSteamElemInfo.h */,
				0297345511B5C05A008D3B5B /* TSteamError.h */,
				0297345611B5C05A008D3B5B /* TSteamExternalBillingInfo.h */,
				0297345711B5C05A008D3B5B /* TSteamGlobalUserID.h */,
				0297345811B5C05A008D3B5B /* TSteamOfflineStatus.h */,
				0297345911B5C05A008D3B5B /* TSteamPaymentCardInfo.h */,
				0297345A11B5C05A008D3B5B /* TSteamPaymentCardReceiptInfo.h */,
				0297345B11B5C05A008D3B5B /* TSteamPrepurchaseInfo.h */,
				0297345C11B5C05A008D3B5B /* TSteamPrepurchaseReceiptInfo.h */,
				0297345D11B5C05A008D3B5B /* TSteamProgress.h */,
				0297345E11B5C05A008D3B5B /* TSteamSplitLocalUserID.h */,
				0297345F11B5C05A008D3B5B /* TSteamSubscription.h */,
				0297346011B5C05A008D3B5B /* TSteamSubscriptionBillingInfo.h */,
				0297346111B5C05A008D3B5B /* TSteamSubscriptionDiscount.h */,
				0297346211B5C05A008D3B5B /* TSteamSubscriptionReceipt.h */,
				0297346311B5C05A008D3B5B /* TSteamSubscriptionStats.h */,
				0297346411B5C05A008D3B5B /* TSteamUpdateStats.h */,
				0297346511B5C05A008D3B5B /* UserCommon.h */,
				0297346611B5C05A008D3B5B /* UserItemsCommon.h */,
				0297346711B5C05A008D3B5B /* UserStatsCommon.h */,
				0297346811B5C05A008D3B5B /* UtilsCommon.h */,
				0297346911B5C05A008D3B5B /* Win32Library.h */,
			);
			name = "Open Steamworks";
			path = "../../Open Steamworks";
			sourceTree = SOURCE_ROOT;
		};
		02B9569C11BB2F9A00AD75D4 /* Linked Libraries */ = {
			isa = PBXGroup;
			children = (
				0247AB1C11AEF3FF0092F798 /* Steam dylibs */,
				0247AB2911AEF3FF0092F798 /* steamclient.dylib */,
				D818A3FE1185055700A363B1 /* CoreFoundation.framework */,
				D818A4001185055B00A363B1 /* CoreServices.framework */,
			);
			name = "Linked Libraries";
			sourceTree = "<group>";
		};
		D818A2FA118504CC00A363B1 = {
			isa = PBXGroup;
			children = (
				0264C2CB11B4B9B400877523 /* Open Steamworks */,
				D818A4291185072500A363B1 /* Source */,
				02B9569C11BB2F9A00AD75D4 /* Linked Libraries */,
				D818A3F91185053000A363B1 /* Products */,
			);
			sourceTree = "<group>";
		};
		D818A3F91185053000A363B1 /* Products */ = {
			isa = PBXGroup;
			children = (
				D818A3F81185053000A363B1 /* Callback Logger */,
			);
			name = Products;
			sourceTree = "<group>";
		};
		D818A4291185072500A363B1 /* Source */ = {
			isa = PBXGroup;
			children = (
				D818A42A1185073100A363B1 /* main.cpp */,
			);
			name = Source;
			sourceTree = "<group>";
		};
/* End PBXGroup section */

/* Begin PBXNativeTarget section */
		D818A3F71185053000A363B1 /* Callback Logger */ = {
			isa = PBXNativeTarget;
			buildConfigurationList = D818A3FD1185053000A363B1 /* Build configuration list for PBXNativeTarget "Callback Logger" */;
			buildPhases = (
				D818A3F51185053000A363B1 /* Sources */,
				D818A3F61185053000A363B1 /* Frameworks */,
				0247AB1511AEF29B0092F798 /* ShellScript */,
			);
			buildRules = (
			);
			dependencies = (
			);
			name = "Callback Logger";
			productName = "Callback Logger";
			productReference = D818A3F81185053000A363B1 /* Callback Logger */;
			productType = "com.apple.product-type.tool";
		};
/* End PBXNativeTarget section */

/* Begin PBXProject section */
		D818A2FC118504CC00A363B1 /* Project object */ = {
			isa = PBXProject;
			buildConfigurationList = D818A2FF118504CC00A363B1 /* Build configuration list for PBXProject "Callback Logger" */;
			compatibilityVersion = "Xcode 2.4";
			hasScannedForEncodings = 0;
			mainGroup = D818A2FA118504CC00A363B1;
			productRefGroup = D818A3F91185053000A363B1 /* Products */;
			projectDirPath = "";
			projectRoot = "/Users/seirmubsa/Documents/Xcode/Open Steamworks";
			targets = (
				D818A3F71185053000A363B1 /* Callback Logger */,
			);
		};
/* End PBXProject section */

/* Begin PBXShellScriptBuildPhase section */
		0247AB1511AEF29B0092F798 /* ShellScript */ = {
			isa = PBXShellScriptBuildPhase;
			buildActionMask = 2147483647;
			files = (
			);
			inputPaths = (
			);
			outputPaths = (
			);
			runOnlyForDeploymentPostprocessing = 0;
			shellPath = /bin/sh;
			shellScript = "\nTARGETS=\"steamclient.dylib\"\n\nfor TARGET in ${TARGETS} ; do\n\tinstall_name_tool -change `otool -L \"${TARGET_BUILD_DIR}/${PRODUCT_NAME}\" | grep -Po \"\\t(.*)${TARGET} \\(compatibility version ([0-9\\.]+), current version ([0-9\\.]+)\\)\" | grep -Po \"([^\\t]+|)${TARGET}\"` /Applications/Steam.app/Contents/MacOS/osx32/${TARGET} \"$TARGET_BUILD_DIR/$PRODUCT_NAME\"\ndone";
		};
/* End PBXShellScriptBuildPhase section */

/* Begin PBXSourcesBuildPhase section */
		D818A3F51185053000A363B1 /* Sources */ = {
			isa = PBXSourcesBuildPhase;
			buildActionMask = 2147483647;
			files = (
				D818A42B1185073100A363B1 /* main.cpp in Sources */,
			);
			runOnlyForDeploymentPostprocessing = 0;
		};
/* End PBXSourcesBuildPhase section */

/* Begin XCBuildConfiguration section */
		D818A2FD118504CC00A363B1 /* Debug */ = {
			isa = XCBuildConfiguration;
			buildSettings = {
				COPY_PHASE_STRIP = NO;
				SDKROOT = "$(DEVELOPER_SDK_DIR)/MacOSX10.6.sdk";
			};
			name = Debug;
		};
		D818A2FE118504CC00A363B1 /* Release */ = {
			isa = XCBuildConfiguration;
			buildSettings = {
				COPY_PHASE_STRIP = YES;
				SDKROOT = "$(DEVELOPER_SDK_DIR)/MacOSX10.6.sdk";
			};
			name = Release;
		};
		D818A3FB1185053000A363B1 /* Debug */ = {
			isa = XCBuildConfiguration;
			buildSettings = {
				ALWAYS_SEARCH_USER_PATHS = NO;
				COPY_PHASE_STRIP = NO;
				GCC_DYNAMIC_NO_PIC = NO;
				GCC_ENABLE_FIX_AND_CONTINUE = YES;
				GCC_MODEL_TUNING = G5;
				GCC_OPTIMIZATION_LEVEL = 0;
				INSTALL_PATH = /usr/local/bin;
				LIBRARY_SEARCH_PATHS = (
					"$(inherited)",
					"$(LIBRARY_SEARCH_PATHS_QUOTED_FOR_TARGET_1)",
					"$(LIBRARY_SEARCH_PATHS_QUOTED_FOR_TARGET_2)",
					"$(LIBRARY_SEARCH_PATHS_QUOTED_FOR_TARGET_3)",
				);
				LIBRARY_SEARCH_PATHS_QUOTED_FOR_TARGET_1 = "\"$(SRCROOT)/steam dylibs\"";
				LIBRARY_SEARCH_PATHS_QUOTED_FOR_TARGET_2 = "\"$(SRCROOT)\"";
				LIBRARY_SEARCH_PATHS_QUOTED_FOR_TARGET_3 = "\"$(SRCROOT)\"";
				PREBINDING = NO;
				PRODUCT_NAME = "Callback Logger";
			};
			name = Debug;
		};
		D818A3FC1185053000A363B1 /* Release */ = {
			isa = XCBuildConfiguration;
			buildSettings = {
				ALWAYS_SEARCH_USER_PATHS = NO;
				COPY_PHASE_STRIP = YES;
				DEBUG_INFORMATION_FORMAT = "dwarf-with-dsym";
				GCC_ENABLE_FIX_AND_CONTINUE = NO;
				GCC_MODEL_TUNING = G5;
				INSTALL_PATH = /usr/local/bin;
				LIBRARY_SEARCH_PATHS = (
					"$(inherited)",
					"$(LIBRARY_SEARCH_PATHS_QUOTED_FOR_TARGET_1)",
					"$(LIBRARY_SEARCH_PATHS_QUOTED_FOR_TARGET_2)",
					"$(LIBRARY_SEARCH_PATHS_QUOTED_FOR_TARGET_3)",
				);
				LIBRARY_SEARCH_PATHS_QUOTED_FOR_TARGET_1 = "\"$(SRCROOT)/steam dylibs\"";
				LIBRARY_SEARCH_PATHS_QUOTED_FOR_TARGET_2 = "\"$(SRCROOT)\"";
				LIBRARY_SEARCH_PATHS_QUOTED_FOR_TARGET_3 = "\"$(SRCROOT)\"";
				PREBINDING = NO;
				PRODUCT_NAME = "Callback Logger";
				ZERO_LINK = NO;
			};
			name = Release;
		};
/* End XCBuildConfiguration section */

/* Begin XCConfigurationList section */
		D818A2FF118504CC00A363B1 /* Build configuration list for PBXProject "Callback Logger" */ = {
			isa = XCConfigurationList;
			buildConfigurations = (
				D818A2FD118504CC00A363B1 /* Debug */,
				D818A2FE118504CC00A363B1 /* Release */,
			);
			defaultConfigurationIsVisible = 0;
			defaultConfigurationName = Release;
		};
		D818A3FD1185053000A363B1 /* Build configuration list for PBXNativeTarget "Callback Logger" */ = {
			isa = XCConfigurationList;
			buildConfigurations = (
				D818A3FB1185053000A363B1 /* Debug */,
				D818A3FC1185053000A363B1 /* Release */,
			);
			defaultConfigurationIsVisible = 0;
			defaultConfigurationName = Release;
		};
/* End XCConfigurationList section */
	};
	rootObject = D818A2FC118504CC00A363B1 /* Project object */;
}
