
Microsoft Visual Studio Solution File, Format Version 10.00
# Visual Studio 2008
Project("{8BC9CEB8-8B4A-11D0-8D11-00A0C91BC942}") = "Callback Logger", "Callback Logger.vcproj", "{13A7E5A8-9F50-478A-B17B-34EC63721CFB}"
EndProject
Global
	GlobalSection(SolutionConfigurationPlatforms) = preSolution
		Debug|Win32 = Debug|Win32
		Release|Win32 = Release|Win32
	EndGlobalSection
	GlobalSection(ProjectConfigurationPlatforms) = postSolution
		{13A7E5A8-9F50-478A-B17B-34EC63721CFB}.Debug|Win32.ActiveCfg = Debug|Win32
		{13A7E5A8-9F50-478A-B17B-34EC63721CFB}.Debug|Win32.Build.0 = Debug|Win32
		{13A7E5A8-9F50-478A-B17B-34EC63721CFB}.Release|Win32.ActiveCfg = Release|Win32
		{13A7E5A8-9F50-478A-B17B-34EC63721CFB}.Release|Win32.Build.0 = Release|Win32
	EndGlobalSection
	GlobalSection(SolutionProperties) = preSolution
		HideSolutionNode = FALSE
	EndGlobalSection
EndGlobal
